<?xml version="1.0" encoding="utf-8"?>
<Project ToolsVersion="4.0" xmlns="http://schemas.microsoft.com/developer/msbuild/2003">
  <ItemGroup>
    <FxCompile Include="HelloEffect.fx" />
    <FxCompile Include="HiLevelRendering.fx" />
    <FxCompile Include="PostEffectDemo.fx" />
    <FxCompile Include="StreamOutEffect.fx" />
  </ItemGroup>
  <ItemGroup>
    <ClCompile Include="pch.cpp" />
    <ClCompile Include="HiLevelRendering.cpp" />
    <ClCompile Include="D3D.cpp" />
    <ClCompile Include="Scene.cpp" />
    <ClCompile Include="Utils.cpp" />
  </ItemGroup>
  <ItemGroup>
    <ClInclude Include="pch.h" />
  </ItemGroup>
  <ItemGroup>
    <CopyFileToFolders Include="FontFix.csv" />
    <CopyFileToFolders Include="Sprite.ctx" />
    <CopyFileToFolders Include="VibratorEffect.csv" />
    <CopyFileToFolders Include="CSVTest.csv" />
    <CopyFileToFolders Include="PropTest.txt" />
    <CopyFileToFolders Include="..\packages\Microsoft.XAudio2.Redist.1.2.4\build\native\release\bin\x64\xaudio2_9redist.dll" />
    <CopyFileToFolders Include="..\packages\Microsoft.XAudio2.Redist.1.2.4\build\native\release\bin\x86\xaudio2_9redist.dll" />
  </ItemGroup>
  <ItemGroup>
    <None Include="packages.config" />
  </ItemGroup>
</Project>