
Microsoft Visual Studio Solution File, Format Version 12.00
# Visual Studio Version 16
VisualStudioVersion = 16.0.28621.142
MinimumVisualStudioVersion = 10.0.40219.1
Project("{8BC9CEB8-8B4A-11D0-8D11-00A0C91BC942}") = "Core", "Core\Core.vcxitems", "{917AA553-454B-4FF9-A680-DA5D7FEB59A8}"
EndProject
Project("{8BC9CEB8-8B4A-11D0-8D11-00A0C91BC942}") = "WindowsImpl", "WindowsImpl\WindowsImpl.vcxproj", "{36976DBA-7802-4549-8F43-F56245D4115E}"
EndProject
Project("{2150E333-8FDC-42A3-9474-1A3956D46DE8}") = "Solution Items", "Solution Items", "{21DD2D80-0749-4059-8515-34EFEF24DEBD}"
	ProjectSection(SolutionItems) = preProject
		License.md = License.md
		Readme.md = Readme.md
		Yukimi\YukimiScriptDesign.md = Yukimi\YukimiScriptDesign.md
	EndProjectSection
EndProject
Project("{8BC9CEB8-8B4A-11D0-8D11-00A0C91BC942}") = "TestWindowsInput", "TestWindowsInput\TestWindowsInput.vcxproj", "{AABB5086-262E-4DBE-AAD6-EFF23211272C}"
EndProject
Project("{8BC9CEB8-8B4A-11D0-8D11-00A0C91BC942}") = "WindowsXInput", "WindowsXInput\WindowsXInput.vcxproj", "{D6F422F5-94C8-49E0-9C6F-16AF1E8D5ECA}"
EndProject
Project("{8BC9CEB8-8B4A-11D0-8D11-00A0C91BC942}") = "TestWindowsXInput", "TestWindowsXInput\TestWindowsXInput.vcxproj", "{6FC916C6-4F90-4F04-8822-7FA924836C0A}"
EndProject
Project("{8BC9CEB8-8B4A-11D0-8D11-00A0C91BC942}") = "WindowsDInput", "WindowsDInput\WindowsDInput.vcxproj", "{96B98788-122F-4A37-8F0C-8472CAC072DE}"
EndProject
Project("{8BC9CEB8-8B4A-11D0-8D11-00A0C91BC942}") = "TestWindowsDInput", "TestWindowsDInput\TestWindowsDInput.vcxproj", "{9819E64A-728D-48E9-BE7A-CC7FE678D97F}"
EndProject
Project("{8BC9CEB8-8B4A-11D0-8D11-00A0C91BC942}") = "Effects11", "FX11\Effects11_2017_Win10.vcxproj", "{DF460EAB-570D-4B50-9089-2E2FC801BF38}"
EndProject
Project("{8BC9CEB8-8B4A-11D0-8D11-00A0C91BC942}") = "TestWindows", "TestWindows\TestWindows.vcxproj", "{E72CB55E-FC8D-46EF-96D6-7CD5921B58BF}"
EndProject
Project("{F2A71F9B-5D33-465A-A702-920D77279786}") = "AssetBuilder", "AssetBuilder\AssetBuilder.fsproj", "{BF7F2BA8-9A61-4D2D-8B0A-37FD17B74BA1}"
EndProject
Project("{2150E333-8FDC-42A3-9474-1A3956D46DE8}") = "Plugins", "Plugins", "{30AA46A1-BF9D-4317-B419-40BE16FF82BD}"
EndProject
Project("{2150E333-8FDC-42A3-9474-1A3956D46DE8}") = "Examples", "Examples", "{2D9ECDC6-7F73-4991-8AB3-271D36F872BB}"
EndProject
Project("{8BC9CEB8-8B4A-11D0-8D11-00A0C91BC942}") = "BGMPlayer", "BGMPlayer\BGMPlayer.vcxproj", "{7CDAD54A-D204-4907-B516-25A5F2061CAE}"
EndProject
Project("{8BC9CEB8-8B4A-11D0-8D11-00A0C91BC942}") = "HelloWorld", "HelloWorld\HelloWorld.vcxproj", "{85496E07-C508-46ED-89CE-F5D4A4AB5483}"
EndProject
Project("{8BC9CEB8-8B4A-11D0-8D11-00A0C91BC942}") = "Particle", "Particle\Particle.vcxproj", "{D1D71E00-3887-4EEE-9BD3-26D1D86490B7}"
EndProject
Project("{8BC9CEB8-8B4A-11D0-8D11-00A0C91BC942}") = "TextRendering", "TextRendering\TextRendering.vcxproj", "{E53B8B36-214E-4419-92AC-05AE39D70531}"
EndProject
Project("{8BC9CEB8-8B4A-11D0-8D11-00A0C91BC942}") = "XInputControllerVibration", "XInputControllerVibration\XInputControllerVibration.vcxproj", "{3FEFEA2B-2598-4299-811B-78935B1E2A10}"
EndProject
Project("{8BC9CEB8-8B4A-11D0-8D11-00A0C91BC942}") = "SpriteRendering", "SpriteRendering\SpriteRendering.vcxproj", "{677EDD27-8B75-4181-82BC-CEC96B71D683}"
EndProject
Project("{8BC9CEB8-8B4A-11D0-8D11-00A0C91BC942}") = "Yukimi", "Yukimi\Yukimi.vcxitems", "{8ECF6D8F-86CD-47E4-BEFD-3E80AAFC3BC0}"
EndProject
Project("{8BC9CEB8-8B4A-11D0-8D11-00A0C91BC942}") = "TestYukimi", "TestYukimi\TestYukimi.vcxproj", "{D63385F3-CF24-4932-9F69-36A1F42AC98D}"
EndProject
Project("{8BC9CEB8-8B4A-11D0-8D11-00A0C91BC942}") = "WindowsLive2D", "WindowsLive2D\WindowsLive2D.vcxproj", "{9F7B0BD8-50AE-4082-AA73-5652F12259B0}"
EndProject
Project("{8BC9CEB8-8B4A-11D0-8D11-00A0C91BC942}") = "TestWindowsLive2D", "TestWindowsLive2D\TestWindowsLive2D.vcxproj", "{9793CED4-9F61-4D5E-86B3-99250F799E23}"
EndProject
Project("{8BC9CEB8-8B4A-11D0-8D11-00A0C91BC942}") = "Fyee", "Fyee\Fyee.vcxitems", "{2F989ED9-9160-4CF7-9CBA-83DE4F7324C5}"
EndProject
Project("{8BC9CEB8-8B4A-11D0-8D11-00A0C91BC942}") = "FyeeDemo", "FyeeDemo\FyeeDemo.vcxproj", "{DBB0F9BE-CA10-4843-B892-17574B5B6983}"
EndProject
Project("{F2A71F9B-5D33-465A-A702-920D77279786}") = "Bake.Snowing", "Bake.Snowing\Bake.Snowing.fsproj", "{A92673C4-2100-4A21-857C-16D56468E798}"
EndProject
Global
	GlobalSection(SharedMSBuildProjectFiles) = preSolution
		Fyee\Fyee.vcxitems*{2f989ed9-9160-4cf7-9cba-83de4f7324c5}*SharedItemsImports = 9
		Core\Core.vcxitems*{36976dba-7802-4549-8f43-f56245d4115e}*SharedItemsImports = 4
		Core\Core.vcxitems*{3fefea2b-2598-4299-811b-78935b1e2a10}*SharedItemsImports = 4
		Core\Core.vcxitems*{677edd27-8b75-4181-82bc-cec96b71d683}*SharedItemsImports = 4
		Core\Core.vcxitems*{6fc916c6-4f90-4f04-8822-7fa924836c0a}*SharedItemsImports = 4
		Core\Core.vcxitems*{7cdad54a-d204-4907-b516-25a5f2061cae}*SharedItemsImports = 4
		Core\Core.vcxitems*{85496e07-c508-46ed-89ce-f5d4a4ab5483}*SharedItemsImports = 4
		Yukimi\Yukimi.vcxitems*{8ecf6d8f-86cd-47e4-befd-3e80aafc3bc0}*SharedItemsImports = 9
		Core\Core.vcxitems*{917aa553-454b-4ff9-a680-da5d7feb59a8}*SharedItemsImports = 9
		Core\Core.vcxitems*{96b98788-122f-4a37-8f0c-8472cac072de}*SharedItemsImports = 4
		Core\Core.vcxitems*{9793ced4-9f61-4d5e-86b3-99250f799e23}*SharedItemsImports = 4
		Core\Core.vcxitems*{9819e64a-728d-48e9-be7a-cc7fe678d97f}*SharedItemsImports = 4
		Core\Core.vcxitems*{9f7b0bd8-50ae-4082-aa73-5652f12259b0}*SharedItemsImports = 4
		Core\Core.vcxitems*{aabb5086-262e-4dbe-aad6-eff23211272c}*SharedItemsImports = 4
		Core\Core.vcxitems*{d1d71e00-3887-4eee-9bd3-26d1d86490b7}*SharedItemsImports = 4
		Core\Core.vcxitems*{d63385f3-cf24-4932-9f69-36a1f42ac98d}*SharedItemsImports = 4
		Yukimi\Yukimi.vcxitems*{d63385f3-cf24-4932-9f69-36a1f42ac98d}*SharedItemsImports = 4
		Core\Core.vcxitems*{d6f422f5-94c8-49e0-9c6f-16af1e8d5eca}*SharedItemsImports = 4
		Core\Core.vcxitems*{dbb0f9be-ca10-4843-b892-17574b5b6983}*SharedItemsImports = 4
		Fyee\Fyee.vcxitems*{dbb0f9be-ca10-4843-b892-17574b5b6983}*SharedItemsImports = 4
		Core\Core.vcxitems*{e53b8b36-214e-4419-92ac-05ae39d70531}*SharedItemsImports = 4
		Core\Core.vcxitems*{e72cb55e-fc8d-46ef-96d6-7cd5921b58bf}*SharedItemsImports = 4
	EndGlobalSection
	GlobalSection(SolutionConfigurationPlatforms) = preSolution
		Debug|Any CPU = Debug|Any CPU
		Debug|x64 = Debug|x64
		Debug|x86 = Debug|x86
		Release|Any CPU = Release|Any CPU
		Release|x64 = Release|x64
		Release|x86 = Release|x86
	EndGlobalSection
	GlobalSection(ProjectConfigurationPlatforms) = postSolution
		{36976DBA-7802-4549-8F43-F56245D4115E}.Debug|Any CPU.ActiveCfg = Debug|Win32
		{36976DBA-7802-4549-8F43-F56245D4115E}.Debug|Any CPU.Build.0 = Debug|Win32
		{36976DBA-7802-4549-8F43-F56245D4115E}.Debug|x64.ActiveCfg = Debug|x64
		{36976DBA-7802-4549-8F43-F56245D4115E}.Debug|x64.Build.0 = Debug|x64
		{36976DBA-7802-4549-8F43-F56245D4115E}.Debug|x86.ActiveCfg = Debug|Win32
		{36976DBA-7802-4549-8F43-F56245D4115E}.Debug|x86.Build.0 = Debug|Win32
		{36976DBA-7802-4549-8F43-F56245D4115E}.Release|Any CPU.ActiveCfg = Release|Win32
		{36976DBA-7802-4549-8F43-F56245D4115E}.Release|Any CPU.Build.0 = Release|Win32
		{36976DBA-7802-4549-8F43-F56245D4115E}.Release|x64.ActiveCfg = Release|x64
		{36976DBA-7802-4549-8F43-F56245D4115E}.Release|x64.Build.0 = Release|x64
		{36976DBA-7802-4549-8F43-F56245D4115E}.Release|x86.ActiveCfg = Release|Win32
		{36976DBA-7802-4549-8F43-F56245D4115E}.Release|x86.Build.0 = Release|Win32
		{AABB5086-262E-4DBE-AAD6-EFF23211272C}.Debug|Any CPU.ActiveCfg = Debug|Win32
		{AABB5086-262E-4DBE-AAD6-EFF23211272C}.Debug|Any CPU.Build.0 = Debug|Win32
		{AABB5086-262E-4DBE-AAD6-EFF23211272C}.Debug|x64.ActiveCfg = Debug|x64
		{AABB5086-262E-4DBE-AAD6-EFF23211272C}.Debug|x64.Build.0 = Debug|x64
		{AABB5086-262E-4DBE-AAD6-EFF23211272C}.Debug|x86.ActiveCfg = Debug|Win32
		{AABB5086-262E-4DBE-AAD6-EFF23211272C}.Debug|x86.Build.0 = Debug|Win32
		{AABB5086-262E-4DBE-AAD6-EFF23211272C}.Release|Any CPU.ActiveCfg = Release|Win32
		{AABB5086-262E-4DBE-AAD6-EFF23211272C}.Release|Any CPU.Build.0 = Release|Win32
		{AABB5086-262E-4DBE-AAD6-EFF23211272C}.Release|x64.ActiveCfg = Release|x64
		{AABB5086-262E-4DBE-AAD6-EFF23211272C}.Release|x64.Build.0 = Release|x64
		{AABB5086-262E-4DBE-AAD6-EFF23211272C}.Release|x86.ActiveCfg = Release|Win32
		{AABB5086-262E-4DBE-AAD6-EFF23211272C}.Release|x86.Build.0 = Release|Win32
		{D6F422F5-94C8-49E0-9C6F-16AF1E8D5ECA}.Debug|Any CPU.ActiveCfg = Debug|Win32
		{D6F422F5-94C8-49E0-9C6F-16AF1E8D5ECA}.Debug|Any CPU.Build.0 = Debug|Win32
		{D6F422F5-94C8-49E0-9C6F-16AF1E8D5ECA}.Debug|x64.ActiveCfg = Debug|x64
		{D6F422F5-94C8-49E0-9C6F-16AF1E8D5ECA}.Debug|x64.Build.0 = Debug|x64
		{D6F422F5-94C8-49E0-9C6F-16AF1E8D5ECA}.Debug|x86.ActiveCfg = Debug|Win32
		{D6F422F5-94C8-49E0-9C6F-16AF1E8D5ECA}.Debug|x86.Build.0 = Debug|Win32
		{D6F422F5-94C8-49E0-9C6F-16AF1E8D5ECA}.Release|Any CPU.ActiveCfg = Release|Win32
		{D6F422F5-94C8-49E0-9C6F-16AF1E8D5ECA}.Release|Any CPU.Build.0 = Release|Win32
		{D6F422F5-94C8-49E0-9C6F-16AF1E8D5ECA}.Release|x64.ActiveCfg = Release|x64
		{D6F422F5-94C8-49E0-9C6F-16AF1E8D5ECA}.Release|x64.Build.0 = Release|x64
		{D6F422F5-94C8-49E0-9C6F-16AF1E8D5ECA}.Release|x86.ActiveCfg = Release|Win32
		{D6F422F5-94C8-49E0-9C6F-16AF1E8D5ECA}.Release|x86.Build.0 = Release|Win32
		{6FC916C6-4F90-4F04-8822-7FA924836C0A}.Debug|Any CPU.ActiveCfg = Debug|Win32
		{6FC916C6-4F90-4F04-8822-7FA924836C0A}.Debug|Any CPU.Build.0 = Debug|Win32
		{6FC916C6-4F90-4F04-8822-7FA924836C0A}.Debug|x64.ActiveCfg = Debug|x64
		{6FC916C6-4F90-4F04-8822-7FA924836C0A}.Debug|x64.Build.0 = Debug|x64
		{6FC916C6-4F90-4F04-8822-7FA924836C0A}.Debug|x86.ActiveCfg = Debug|Win32
		{6FC916C6-4F90-4F04-8822-7FA924836C0A}.Debug|x86.Build.0 = Debug|Win32
		{6FC916C6-4F90-4F04-8822-7FA924836C0A}.Release|Any CPU.ActiveCfg = Release|Win32
		{6FC916C6-4F90-4F04-8822-7FA924836C0A}.Release|Any CPU.Build.0 = Release|Win32
		{6FC916C6-4F90-4F04-8822-7FA924836C0A}.Release|x64.ActiveCfg = Release|x64
		{6FC916C6-4F90-4F04-8822-7FA924836C0A}.Release|x64.Build.0 = Release|x64
		{6FC916C6-4F90-4F04-8822-7FA924836C0A}.Release|x86.ActiveCfg = Release|Win32
		{6FC916C6-4F90-4F04-8822-7FA924836C0A}.Release|x86.Build.0 = Release|Win32
		{96B98788-122F-4A37-8F0C-8472CAC072DE}.Debug|Any CPU.ActiveCfg = Debug|Win32
		{96B98788-122F-4A37-8F0C-8472CAC072DE}.Debug|Any CPU.Build.0 = Debug|Win32
		{96B98788-122F-4A37-8F0C-8472CAC072DE}.Debug|x64.ActiveCfg = Debug|x64
		{96B98788-122F-4A37-8F0C-8472CAC072DE}.Debug|x64.Build.0 = Debug|x64
		{96B98788-122F-4A37-8F0C-8472CAC072DE}.Debug|x86.ActiveCfg = Debug|Win32
		{96B98788-122F-4A37-8F0C-8472CAC072DE}.Debug|x86.Build.0 = Debug|Win32
		{96B98788-122F-4A37-8F0C-8472CAC072DE}.Release|Any CPU.ActiveCfg = Release|Win32
		{96B98788-122F-4A37-8F0C-8472CAC072DE}.Release|Any CPU.Build.0 = Release|Win32
		{96B98788-122F-4A37-8F0C-8472CAC072DE}.Release|x64.ActiveCfg = Release|x64
		{96B98788-122F-4A37-8F0C-8472CAC072DE}.Release|x64.Build.0 = Release|x64
		{96B98788-122F-4A37-8F0C-8472CAC072DE}.Release|x86.ActiveCfg = Release|Win32
		{96B98788-122F-4A37-8F0C-8472CAC072DE}.Release|x86.Build.0 = Release|Win32
		{9819E64A-728D-48E9-BE7A-CC7FE678D97F}.Debug|Any CPU.ActiveCfg = Debug|Win32
		{9819E64A-728D-48E9-BE7A-CC7FE678D97F}.Debug|Any CPU.Build.0 = Debug|Win32
		{9819E64A-728D-48E9-BE7A-CC7FE678D97F}.Debug|x64.ActiveCfg = Debug|x64
		{9819E64A-728D-48E9-BE7A-CC7FE678D97F}.Debug|x64.Build.0 = Debug|x64
		{9819E64A-728D-48E9-BE7A-CC7FE678D97F}.Debug|x86.ActiveCfg = Debug|Win32
		{9819E64A-728D-48E9-BE7A-CC7FE678D97F}.Debug|x86.Build.0 = Debug|Win32
		{9819E64A-728D-48E9-BE7A-CC7FE678D97F}.Release|Any CPU.ActiveCfg = Release|Win32
		{9819E64A-728D-48E9-BE7A-CC7FE678D97F}.Release|Any CPU.Build.0 = Release|Win32
		{9819E64A-728D-48E9-BE7A-CC7FE678D97F}.Release|x64.ActiveCfg = Release|x64
		{9819E64A-728D-48E9-BE7A-CC7FE678D97F}.Release|x64.Build.0 = Release|x64
		{9819E64A-728D-48E9-BE7A-CC7FE678D97F}.Release|x86.ActiveCfg = Release|Win32
		{9819E64A-728D-48E9-BE7A-CC7FE678D97F}.Release|x86.Build.0 = Release|Win32
		{DF460EAB-570D-4B50-9089-2E2FC801BF38}.Debug|Any CPU.ActiveCfg = Debug|Win32
		{DF460EAB-570D-4B50-9089-2E2FC801BF38}.Debug|Any CPU.Build.0 = Debug|Win32
		{DF460EAB-570D-4B50-9089-2E2FC801BF38}.Debug|x64.ActiveCfg = Debug|x64
		{DF460EAB-570D-4B50-9089-2E2FC801BF38}.Debug|x64.Build.0 = Debug|x64
		{DF460EAB-570D-4B50-9089-2E2FC801BF38}.Debug|x86.ActiveCfg = Debug|Win32
		{DF460EAB-570D-4B50-9089-2E2FC801BF38}.Debug|x86.Build.0 = Debug|Win32
		{DF460EAB-570D-4B50-9089-2E2FC801BF38}.Release|Any CPU.ActiveCfg = Release|Win32
		{DF460EAB-570D-4B50-9089-2E2FC801BF38}.Release|Any CPU.Build.0 = Release|Win32
		{DF460EAB-570D-4B50-9089-2E2FC801BF38}.Release|x64.ActiveCfg = Release|x64
		{DF460EAB-570D-4B50-9089-2E2FC801BF38}.Release|x64.Build.0 = Release|x64
		{DF460EAB-570D-4B50-9089-2E2FC801BF38}.Release|x86.ActiveCfg = Release|Win32
		{DF460EAB-570D-4B50-9089-2E2FC801BF38}.Release|x86.Build.0 = Release|Win32
		{E72CB55E-FC8D-46EF-96D6-7CD5921B58BF}.Debug|Any CPU.ActiveCfg = Debug|Win32
		{E72CB55E-FC8D-46EF-96D6-7CD5921B58BF}.Debug|Any CPU.Build.0 = Debug|Win32
		{E72CB55E-FC8D-46EF-96D6-7CD5921B58BF}.Debug|x64.ActiveCfg = Debug|x64
		{E72CB55E-FC8D-46EF-96D6-7CD5921B58BF}.Debug|x64.Build.0 = Debug|x64
		{E72CB55E-FC8D-46EF-96D6-7CD5921B58BF}.Debug|x86.ActiveCfg = Debug|Win32
		{E72CB55E-FC8D-46EF-96D6-7CD5921B58BF}.Debug|x86.Build.0 = Debug|Win32
		{E72CB55E-FC8D-46EF-96D6-7CD5921B58BF}.Release|Any CPU.ActiveCfg = Release|Win32
		{E72CB55E-FC8D-46EF-96D6-7CD5921B58BF}.Release|Any CPU.Build.0 = Release|Win32
		{E72CB55E-FC8D-46EF-96D6-7CD5921B58BF}.Release|x64.ActiveCfg = Release|x64
		{E72CB55E-FC8D-46EF-96D6-7CD5921B58BF}.Release|x64.Build.0 = Release|x64
		{E72CB55E-FC8D-46EF-96D6-7CD5921B58BF}.Release|x86.ActiveCfg = Release|Win32
		{E72CB55E-FC8D-46EF-96D6-7CD5921B58BF}.Release|x86.Build.0 = Release|Win32
		{BF7F2BA8-9A61-4D2D-8B0A-37FD17B74BA1}.Debug|Any CPU.ActiveCfg = Debug|Any CPU
		{BF7F2BA8-9A61-4D2D-8B0A-37FD17B74BA1}.Debug|Any CPU.Build.0 = Debug|Any CPU
		{BF7F2BA8-9A61-4D2D-8B0A-37FD17B74BA1}.Debug|x64.ActiveCfg = Debug|Any CPU
		{BF7F2BA8-9A61-4D2D-8B0A-37FD17B74BA1}.Debug|x64.Build.0 = Debug|Any CPU
		{BF7F2BA8-9A61-4D2D-8B0A-37FD17B74BA1}.Debug|x86.ActiveCfg = Debug|Any CPU
		{BF7F2BA8-9A61-4D2D-8B0A-37FD17B74BA1}.Debug|x86.Build.0 = Debug|Any CPU
		{BF7F2BA8-9A61-4D2D-8B0A-37FD17B74BA1}.Release|Any CPU.ActiveCfg = Release|Any CPU
		{BF7F2BA8-9A61-4D2D-8B0A-37FD17B74BA1}.Release|Any CPU.Build.0 = Release|Any CPU
		{BF7F2BA8-9A61-4D2D-8B0A-37FD17B74BA1}.Release|x64.ActiveCfg = Release|Any CPU
		{BF7F2BA8-9A61-4D2D-8B0A-37FD17B74BA1}.Release|x64.Build.0 = Release|Any CPU
		{BF7F2BA8-9A61-4D2D-8B0A-37FD17B74BA1}.Release|x86.ActiveCfg = Release|Any CPU
		{BF7F2BA8-9A61-4D2D-8B0A-37FD17B74BA1}.Release|x86.Build.0 = Release|Any CPU
		{7CDAD54A-D204-4907-B516-25A5F2061CAE}.Debug|Any CPU.ActiveCfg = Debug|Win32
		{7CDAD54A-D204-4907-B516-25A5F2061CAE}.Debug|x64.ActiveCfg = Debug|x64
		{7CDAD54A-D204-4907-B516-25A5F2061CAE}.Debug|x64.Build.0 = Debug|x64
		{7CDAD54A-D204-4907-B516-25A5F2061CAE}.Debug|x86.ActiveCfg = Debug|Win32
		{7CDAD54A-D204-4907-B516-25A5F2061CAE}.Debug|x86.Build.0 = Debug|Win32
		{7CDAD54A-D204-4907-B516-25A5F2061CAE}.Release|Any CPU.ActiveCfg = Release|Win32
		{7CDAD54A-D204-4907-B516-25A5F2061CAE}.Release|x64.ActiveCfg = Release|x64
		{7CDAD54A-D204-4907-B516-25A5F2061CAE}.Release|x64.Build.0 = Release|x64
		{7CDAD54A-D204-4907-B516-25A5F2061CAE}.Release|x86.ActiveCfg = Release|Win32
		{7CDAD54A-D204-4907-B516-25A5F2061CAE}.Release|x86.Build.0 = Release|Win32
		{85496E07-C508-46ED-89CE-F5D4A4AB5483}.Debug|Any CPU.ActiveCfg = Debug|Win32
		{85496E07-C508-46ED-89CE-F5D4A4AB5483}.Debug|x64.ActiveCfg = Debug|x64
		{85496E07-C508-46ED-89CE-F5D4A4AB5483}.Debug|x64.Build.0 = Debug|x64
		{85496E07-C508-46ED-89CE-F5D4A4AB5483}.Debug|x86.ActiveCfg = Debug|Win32
		{85496E07-C508-46ED-89CE-F5D4A4AB5483}.Debug|x86.Build.0 = Debug|Win32
		{85496E07-C508-46ED-89CE-F5D4A4AB5483}.Release|Any CPU.ActiveCfg = Release|Win32
		{85496E07-C508-46ED-89CE-F5D4A4AB5483}.Release|x64.ActiveCfg = Release|x64
		{85496E07-C508-46ED-89CE-F5D4A4AB5483}.Release|x64.Build.0 = Release|x64
		{85496E07-C508-46ED-89CE-F5D4A4AB5483}.Release|x86.ActiveCfg = Release|Win32
		{85496E07-C508-46ED-89CE-F5D4A4AB5483}.Release|x86.Build.0 = Release|Win32
		{D1D71E00-3887-4EEE-9BD3-26D1D86490B7}.Debug|Any CPU.ActiveCfg = Debug|Win32
		{D1D71E00-3887-4EEE-9BD3-26D1D86490B7}.Debug|x64.ActiveCfg = Debug|x64
		{D1D71E00-3887-4EEE-9BD3-26D1D86490B7}.Debug|x64.Build.0 = Debug|x64
		{D1D71E00-3887-4EEE-9BD3-26D1D86490B7}.Debug|x86.ActiveCfg = Debug|Win32
		{D1D71E00-3887-4EEE-9BD3-26D1D86490B7}.Debug|x86.Build.0 = Debug|Win32
		{D1D71E00-3887-4EEE-9BD3-26D1D86490B7}.Release|Any CPU.ActiveCfg = Release|Win32
		{D1D71E00-3887-4EEE-9BD3-26D1D86490B7}.Release|x64.ActiveCfg = Release|x64
		{D1D71E00-3887-4EEE-9BD3-26D1D86490B7}.Release|x64.Build.0 = Release|x64
		{D1D71E00-3887-4EEE-9BD3-26D1D86490B7}.Release|x86.ActiveCfg = Release|Win32
		{D1D71E00-3887-4EEE-9BD3-26D1D86490B7}.Release|x86.Build.0 = Release|Win32
		{E53B8B36-214E-4419-92AC-05AE39D70531}.Debug|Any CPU.ActiveCfg = Debug|Win32
		{E53B8B36-214E-4419-92AC-05AE39D70531}.Debug|x64.ActiveCfg = Debug|x64
		{E53B8B36-214E-4419-92AC-05AE39D70531}.Debug|x64.Build.0 = Debug|x64
		{E53B8B36-214E-4419-92AC-05AE39D70531}.Debug|x86.ActiveCfg = Debug|Win32
		{E53B8B36-214E-4419-92AC-05AE39D70531}.Debug|x86.Build.0 = Debug|Win32
		{E53B8B36-214E-4419-92AC-05AE39D70531}.Release|Any CPU.ActiveCfg = Release|Win32
		{E53B8B36-214E-4419-92AC-05AE39D70531}.Release|x64.ActiveCfg = Release|x64
		{E53B8B36-214E-4419-92AC-05AE39D70531}.Release|x64.Build.0 = Release|x64
		{E53B8B36-214E-4419-92AC-05AE39D70531}.Release|x86.ActiveCfg = Release|Win32
		{E53B8B36-214E-4419-92AC-05AE39D70531}.Release|x86.Build.0 = Release|Win32
		{3FEFEA2B-2598-4299-811B-78935B1E2A10}.Debug|Any CPU.ActiveCfg = Debug|Win32
		{3FEFEA2B-2598-4299-811B-78935B1E2A10}.Debug|x64.ActiveCfg = Debug|x64
		{3FEFEA2B-2598-4299-811B-78935B1E2A10}.Debug|x64.Build.0 = Debug|x64
		{3FEFEA2B-2598-4299-811B-78935B1E2A10}.Debug|x86.ActiveCfg = Debug|Win32
		{3FEFEA2B-2598-4299-811B-78935B1E2A10}.Debug|x86.Build.0 = Debug|Win32
		{3FEFEA2B-2598-4299-811B-78935B1E2A10}.Release|Any CPU.ActiveCfg = Release|Win32
		{3FEFEA2B-2598-4299-811B-78935B1E2A10}.Release|x64.ActiveCfg = Release|x64
		{3FEFEA2B-2598-4299-811B-78935B1E2A10}.Release|x64.Build.0 = Release|x64
		{3FEFEA2B-2598-4299-811B-78935B1E2A10}.Release|x86.ActiveCfg = Release|Win32
		{3FEFEA2B-2598-4299-811B-78935B1E2A10}.Release|x86.Build.0 = Release|Win32
		{677EDD27-8B75-4181-82BC-CEC96B71D683}.Debug|Any CPU.ActiveCfg = Debug|Win32
		{677EDD27-8B75-4181-82BC-CEC96B71D683}.Debug|x64.ActiveCfg = Debug|x64
		{677EDD27-8B75-4181-82BC-CEC96B71D683}.Debug|x64.Build.0 = Debug|x64
		{677EDD27-8B75-4181-82BC-CEC96B71D683}.Debug|x86.ActiveCfg = Debug|Win32
		{677EDD27-8B75-4181-82BC-CEC96B71D683}.Debug|x86.Build.0 = Debug|Win32
		{677EDD27-8B75-4181-82BC-CEC96B71D683}.Release|Any CPU.ActiveCfg = Release|Win32
		{677EDD27-8B75-4181-82BC-CEC96B71D683}.Release|x64.ActiveCfg = Release|x64
		{677EDD27-8B75-4181-82BC-CEC96B71D683}.Release|x64.Build.0 = Release|x64
		{677EDD27-8B75-4181-82BC-CEC96B71D683}.Release|x86.ActiveCfg = Release|Win32
		{677EDD27-8B75-4181-82BC-CEC96B71D683}.Release|x86.Build.0 = Release|Win32
		{D63385F3-CF24-4932-9F69-36A1F42AC98D}.Debug|Any CPU.ActiveCfg = Debug|Win32
		{D63385F3-CF24-4932-9F69-36A1F42AC98D}.Debug|x64.ActiveCfg = Debug|x64
		{D63385F3-CF24-4932-9F69-36A1F42AC98D}.Debug|x64.Build.0 = Debug|x64
		{D63385F3-CF24-4932-9F69-36A1F42AC98D}.Debug|x86.ActiveCfg = Debug|Win32
		{D63385F3-CF24-4932-9F69-36A1F42AC98D}.Debug|x86.Build.0 = Debug|Win32
		{D63385F3-CF24-4932-9F69-36A1F42AC98D}.Release|Any CPU.ActiveCfg = Release|Win32
		{D63385F3-CF24-4932-9F69-36A1F42AC98D}.Release|x64.ActiveCfg = Release|x64
		{D63385F3-CF24-4932-9F69-36A1F42AC98D}.Release|x64.Build.0 = Release|x64
		{D63385F3-CF24-4932-9F69-36A1F42AC98D}.Release|x86.ActiveCfg = Release|Win32
		{D63385F3-CF24-4932-9F69-36A1F42AC98D}.Release|x86.Build.0 = Release|Win32
		{9F7B0BD8-50AE-4082-AA73-5652F12259B0}.Debug|Any CPU.ActiveCfg = Debug|Win32
		{9F7B0BD8-50AE-4082-AA73-5652F12259B0}.Debug|x64.ActiveCfg = Debug|x64
		{9F7B0BD8-50AE-4082-AA73-5652F12259B0}.Debug|x64.Build.0 = Debug|x64
		{9F7B0BD8-50AE-4082-AA73-5652F12259B0}.Debug|x86.ActiveCfg = Debug|Win32
		{9F7B0BD8-50AE-4082-AA73-5652F12259B0}.Debug|x86.Build.0 = Debug|Win32
		{9F7B0BD8-50AE-4082-AA73-5652F12259B0}.Release|Any CPU.ActiveCfg = Release|Win32
		{9F7B0BD8-50AE-4082-AA73-5652F12259B0}.Release|x64.ActiveCfg = Release|x64
		{9F7B0BD8-50AE-4082-AA73-5652F12259B0}.Release|x64.Build.0 = Release|x64
		{9F7B0BD8-50AE-4082-AA73-5652F12259B0}.Release|x86.ActiveCfg = Release|Win32
		{9F7B0BD8-50AE-4082-AA73-5652F12259B0}.Release|x86.Build.0 = Release|Win32
		{9793CED4-9F61-4D5E-86B3-99250F799E23}.Debug|Any CPU.ActiveCfg = Debug|Win32
		{9793CED4-9F61-4D5E-86B3-99250F799E23}.Debug|x64.ActiveCfg = Debug|x64
		{9793CED4-9F61-4D5E-86B3-99250F799E23}.Debug|x64.Build.0 = Debug|x64
		{9793CED4-9F61-4D5E-86B3-99250F799E23}.Debug|x86.ActiveCfg = Debug|Win32
		{9793CED4-9F61-4D5E-86B3-99250F799E23}.Debug|x86.Build.0 = Debug|Win32
		{9793CED4-9F61-4D5E-86B3-99250F799E23}.Release|Any CPU.ActiveCfg = Release|Win32
		{9793CED4-9F61-4D5E-86B3-99250F799E23}.Release|x64.ActiveCfg = Release|x64
		{9793CED4-9F61-4D5E-86B3-99250F799E23}.Release|x64.Build.0 = Release|x64
		{9793CED4-9F61-4D5E-86B3-99250F799E23}.Release|x86.ActiveCfg = Release|Win32
		{9793CED4-9F61-4D5E-86B3-99250F799E23}.Release|x86.Build.0 = Release|Win32
		{DBB0F9BE-CA10-4843-B892-17574B5B6983}.Debug|Any CPU.ActiveCfg = Debug|Win32
		{DBB0F9BE-CA10-4843-B892-17574B5B6983}.Debug|x64.ActiveCfg = Debug|x64
		{DBB0F9BE-CA10-4843-B892-17574B5B6983}.Debug|x64.Build.0 = Debug|x64
		{DBB0F9BE-CA10-4843-B892-17574B5B6983}.Debug|x86.ActiveCfg = Debug|Win32
		{DBB0F9BE-CA10-4843-B892-17574B5B6983}.Debug|x86.Build.0 = Debug|Win32
		{DBB0F9BE-CA10-4843-B892-17574B5B6983}.Release|Any CPU.ActiveCfg = Release|Win32
		{DBB0F9BE-CA10-4843-B892-17574B5B6983}.Release|x64.ActiveCfg = Release|x64
		{DBB0F9BE-CA10-4843-B892-17574B5B6983}.Release|x64.Build.0 = Release|x64
		{DBB0F9BE-CA10-4843-B892-17574B5B6983}.Release|x86.ActiveCfg = Release|Win32
		{DBB0F9BE-CA10-4843-B892-17574B5B6983}.Release|x86.Build.0 = Release|Win32
		{A92673C4-2100-4A21-857C-16D56468E798}.Debug|Any CPU.ActiveCfg = Debug|Any CPU
		{A92673C4-2100-4A21-857C-16D56468E798}.Debug|Any CPU.Build.0 = Debug|Any CPU
		{A92673C4-2100-4A21-857C-16D56468E798}.Debug|x64.ActiveCfg = Debug|Any CPU
		{A92673C4-2100-4A21-857C-16D56468E798}.Debug|x64.Build.0 = Debug|Any CPU
		{A92673C4-2100-4A21-857C-16D56468E798}.Debug|x86.ActiveCfg = Debug|Any CPU
		{A92673C4-2100-4A21-857C-16D56468E798}.Debug|x86.Build.0 = Debug|Any CPU
		{A92673C4-2100-4A21-857C-16D56468E798}.Release|Any CPU.ActiveCfg = Release|Any CPU
		{A92673C4-2100-4A21-857C-16D56468E798}.Release|Any CPU.Build.0 = Release|Any CPU
		{A92673C4-2100-4A21-857C-16D56468E798}.Release|x64.ActiveCfg = Release|Any CPU
		{A92673C4-2100-4A21-857C-16D56468E798}.Release|x64.Build.0 = Release|Any CPU
		{A92673C4-2100-4A21-857C-16D56468E798}.Release|x86.ActiveCfg = Release|Any CPU
		{A92673C4-2100-4A21-857C-16D56468E798}.Release|x86.Build.0 = Release|Any CPU
	EndGlobalSection
	GlobalSection(SolutionProperties) = preSolution
		HideSolutionNode = FALSE
	EndGlobalSection
	GlobalSection(NestedProjects) = preSolution
		{D6F422F5-94C8-49E0-9C6F-16AF1E8D5ECA} = {30AA46A1-BF9D-4317-B419-40BE16FF82BD}
		{6FC916C6-4F90-4F04-8822-7FA924836C0A} = {30AA46A1-BF9D-4317-B419-40BE16FF82BD}
		{96B98788-122F-4A37-8F0C-8472CAC072DE} = {30AA46A1-BF9D-4317-B419-40BE16FF82BD}
		{9819E64A-728D-48E9-BE7A-CC7FE678D97F} = {30AA46A1-BF9D-4317-B419-40BE16FF82BD}
		{7CDAD54A-D204-4907-B516-25A5F2061CAE} = {2D9ECDC6-7F73-4991-8AB3-271D36F872BB}
		{85496E07-C508-46ED-89CE-F5D4A4AB5483} = {2D9ECDC6-7F73-4991-8AB3-271D36F872BB}
		{D1D71E00-3887-4EEE-9BD3-26D1D86490B7} = {2D9ECDC6-7F73-4991-8AB3-271D36F872BB}
		{E53B8B36-214E-4419-92AC-05AE39D70531} = {2D9ECDC6-7F73-4991-8AB3-271D36F872BB}
		{3FEFEA2B-2598-4299-811B-78935B1E2A10} = {2D9ECDC6-7F73-4991-8AB3-271D36F872BB}
		{677EDD27-8B75-4181-82BC-CEC96B71D683} = {2D9ECDC6-7F73-4991-8AB3-271D36F872BB}
		{8ECF6D8F-86CD-47E4-BEFD-3E80AAFC3BC0} = {30AA46A1-BF9D-4317-B419-40BE16FF82BD}
		{D63385F3-CF24-4932-9F69-36A1F42AC98D} = {30AA46A1-BF9D-4317-B419-40BE16FF82BD}
		{9F7B0BD8-50AE-4082-AA73-5652F12259B0} = {30AA46A1-BF9D-4317-B419-40BE16FF82BD}
		{9793CED4-9F61-4D5E-86B3-99250F799E23} = {30AA46A1-BF9D-4317-B419-40BE16FF82BD}
		{2F989ED9-9160-4CF7-9CBA-83DE4F7324C5} = {30AA46A1-BF9D-4317-B419-40BE16FF82BD}
		{DBB0F9BE-CA10-4843-B892-17574B5B6983} = {2D9ECDC6-7F73-4991-8AB3-271D36F872BB}
	EndGlobalSection
	GlobalSection(ExtensibilityGlobals) = postSolution
		SolutionGuid = {141F636F-971C-4E6F-BAA6-C6B7054CFD86}
	EndGlobalSection
EndGlobal
