<?xml version="1.0" encoding="utf-8"?>
<Project ToolsVersion="4.0" xmlns="http://schemas.microsoft.com/developer/msbuild/2003">
  <ItemGroup>
    <ClCompile Include="$(MSBuildThisFileDirectory)AudioChannel.cpp" />
    <ClCompile Include="$(MSBuildThisFileDirectory)BGMPlayer.cpp" />
    <ClCompile Include="$(MSBuildThisFileDirectory)CVPlayer.cpp" />
    <ClCompile Include="$(MSBuildThisFileDirectory)SEPlayer.cpp" />
    <ClCompile Include="$(MSBuildThisFileDirectory)TextWindowFontStyle.cpp" />
  </ItemGroup>
  <ItemGroup>
    <ClInclude Include="$(MSBuildThisFileDirectory)AudioChannel.h" />
    <ClInclude Include="$(MSBuildThisFileDirectory)BGMPlayer.h" />
    <ClInclude Include="$(MSBuildThisFileDirectory)CVPlayer.h" />
    <ClInclude Include="$(MSBuildThisFileDirectory)SEPlayer.h" />
    <ClInclude Include="$(MSBuildThisFileDirectory)TextWindowFontStyle.h" />
  </ItemGroup>
  <ItemGroup>
    <Filter Include="TextWindowAnimations">
      <UniqueIdentifier>{f94098dd-3720-4ef6-bb9e-c00ca839350a}</UniqueIdentifier>
    </Filter>
  </ItemGroup>
</Project>